
Microsoft Visual Studio Solution File, Format Version 12.00
# Visual Studio Version 16
VisualStudioVersion = 16.0.28606.126
MinimumVisualStudioVersion = 10.0.40219.1
Project("{FAE04EC0-301F-11D3-BF4B-00C04F79EFBC}") = "BlogEngine.NET", "BlogEngine.NET\BlogEngine.NET.csproj", "{5F3C7419-FA8B-4563-850A-C56B324CF18A}"
EndProject
Project("{FAE04EC0-301F-11D3-BF4B-00C04F79EFBC}") = "BlogEngine.Core", "BlogEngine.Core\BlogEngine.Core.csproj", "{9ED9914A-FB6E-4D21-8C71-9122E8C3076B}"
EndProject
Project("{FAE04EC0-301F-11D3-BF4B-00C04F79EFBC}") = "BlogEngine.Tests", "BlogEngine.Tests\BlogEngine.Tests.csproj", "{7011BC76-BB91-4D2B-8B83-F810A16950CD}"
EndProject
Project("{E53339B2-1760-4266-BCC7-CA923CBCF16C}") = "docker-compose", "docker-compose.dcproj", "{C3318FB7-A0EE-403F-B3D7-0ED8CB853184}"
EndProject
Global
	GlobalSection(SolutionConfigurationPlatforms) = preSolution
		Debug|Any CPU = Debug|Any CPU
		Release|Any CPU = Release|Any CPU
	EndGlobalSection
	GlobalSection(ProjectConfigurationPlatforms) = postSolution
		{5F3C7419-FA8B-4563-850A-C56B324CF18A}.Debug|Any CPU.ActiveCfg = Debug|Any CPU
		{5F3C7419-FA8B-4563-850A-C56B324CF18A}.Debug|Any CPU.Build.0 = Debug|Any CPU
		{5F3C7419-FA8B-4563-850A-C56B324CF18A}.Release|Any CPU.ActiveCfg = Release|Any CPU
		{5F3C7419-FA8B-4563-850A-C56B324CF18A}.Release|Any CPU.Build.0 = Release|Any CPU
		{9ED9914A-FB6E-4D21-8C71-9122E8C3076B}.Debug|Any CPU.ActiveCfg = Debug|Any CPU
		{9ED9914A-FB6E-4D21-8C71-9122E8C3076B}.Debug|Any CPU.Build.0 = Debug|Any CPU
		{9ED9914A-FB6E-4D21-8C71-9122E8C3076B}.Release|Any CPU.ActiveCfg = Release|Any CPU
		{9ED9914A-FB6E-4D21-8C71-9122E8C3076B}.Release|Any CPU.Build.0 = Release|Any CPU
		{7011BC76-BB91-4D2B-8B83-F810A16950CD}.Debug|Any CPU.ActiveCfg = Debug|Any CPU
		{7011BC76-BB91-4D2B-8B83-F810A16950CD}.Debug|Any CPU.Build.0 = Debug|Any CPU
		{7011BC76-BB91-4D2B-8B83-F810A16950CD}.Release|Any CPU.ActiveCfg = Release|Any CPU
		{7011BC76-BB91-4D2B-8B83-F810A16950CD}.Release|Any CPU.Build.0 = Release|Any CPU
		{C3318FB7-A0EE-403F-B3D7-0ED8CB853184}.Debug|Any CPU.ActiveCfg = Debug|Any CPU
		{C3318FB7-A0EE-403F-B3D7-0ED8CB853184}.Debug|Any CPU.Build.0 = Debug|Any CPU
		{C3318FB7-A0EE-403F-B3D7-0ED8CB853184}.Release|Any CPU.ActiveCfg = Release|Any CPU
		{C3318FB7-A0EE-403F-B3D7-0ED8CB853184}.Release|Any CPU.Build.0 = Release|Any CPU
	EndGlobalSection
	GlobalSection(SolutionProperties) = preSolution
		HideSolutionNode = FALSE
	EndGlobalSection
	GlobalSection(ExtensibilityGlobals) = postSolution
		SolutionGuid = {15DDC25F-B9DF-4D60-96F3-A9F74F1433F0}
	EndGlobalSection
EndGlobal
